
Microsoft Visual Studio Solution File, Format Version 12.00
# Visual Studio 2013
VisualStudioVersion = 12.0.31101.0
MinimumVisualStudioVersion = 10.0.40219.1
Project("{FAE04EC0-301F-11D3-BF4B-00C04F79EFBC}") = "Mayak.Web", "Mayak.Web\Mayak.Web.csproj", "{0BED482A-A601-4736-A821-C79AB8829C4B}"
EndProject
Project("{FAE04EC0-301F-11D3-BF4B-00C04F79EFBC}") = "Mayak", "Mayak\Mayak.csproj", "{6BBB211E-57A7-472E-90DB-32FFFEC1F49E}"
EndProject
Global
	GlobalSection(SolutionConfigurationPlatforms) = preSolution
		Debug|Any CPU = Debug|Any CPU
		Release|Any CPU = Release|Any CPU
	EndGlobalSection
	GlobalSection(ProjectConfigurationPlatforms) = postSolution
		{0BED482A-A601-4736-A821-C79AB8829C4B}.Debug|Any CPU.ActiveCfg = Debug|Any CPU
		{0BED482A-A601-4736-A821-C79AB8829C4B}.Debug|Any CPU.Build.0 = Debug|Any CPU
		{0BED482A-A601-4736-A821-C79AB8829C4B}.Release|Any CPU.ActiveCfg = Release|Any CPU
		{0BED482A-A601-4736-A821-C79AB8829C4B}.Release|Any CPU.Build.0 = Release|Any CPU
		{6BBB211E-57A7-472E-90DB-32FFFEC1F49E}.Debug|Any CPU.ActiveCfg = Debug|Any CPU
		{6BBB211E-57A7-472E-90DB-32FFFEC1F49E}.Debug|Any CPU.Build.0 = Debug|Any CPU
		{6BBB211E-57A7-472E-90DB-32FFFEC1F49E}.Release|Any CPU.ActiveCfg = Release|Any CPU
		{6BBB211E-57A7-472E-90DB-32FFFEC1F49E}.Release|Any CPU.Build.0 = Release|Any CPU
	EndGlobalSection
	GlobalSection(SolutionProperties) = preSolution
		HideSolutionNode = FALSE
	EndGlobalSection
EndGlobal
